// !$*UTF8*$!
{
	archiveVersion = 1;
	classes = {
	};
	objectVersion = 50;
	objects = {

/* Begin PBXBuildFile section */
		F021E33C245458B5004D1962 /* venueData.json in Resources */ = {isa = PBXBuildFile; fileRef = F021E33B245458B5004D1962 /* venueData.json */; };
		F021E33F245465C3004D1962 /* venueData.swift in Sources */ = {isa = PBXBuildFile; fileRef = F021E33E245465C3004D1962 /* venueData.swift */; };
		F021E34124549397004D1962 /* fury.jpg in Resources */ = {isa = PBXBuildFile; fileRef = F021E34024549397004D1962 /* fury.jpg */; };
		F021E34324549721004D1962 /* VenueList.swift in Sources */ = {isa = PBXBuildFile; fileRef = F021E34224549721004D1962 /* VenueList.swift */; };
		F021E34524549B75004D1962 /* mainView.swift in Sources */ = {isa = PBXBuildFile; fileRef = F021E34424549B75004D1962 /* mainView.swift */; };
		F0B70553245352C80072077A /* AppDelegate.swift in Sources */ = {isa = PBXBuildFile; fileRef = F0B70552245352C80072077A /* AppDelegate.swift */; };
		F0B70555245352C80072077A /* SceneDelegate.swift in Sources */ = {isa = PBXBuildFile; fileRef = F0B70554245352C80072077A /* SceneDelegate.swift */; };
		F0B70557245352C80072077A /* VenueDetail.swift in Sources */ = {isa = PBXBuildFile; fileRef = F0B70556245352C80072077A /* VenueDetail.swift */; };
		F0B70559245352CE0072077A /* Assets.xcassets in Resources */ = {isa = PBXBuildFile; fileRef = F0B70558245352CE0072077A /* Assets.xcassets */; };
		F0B7055C245352CE0072077A /* Preview Assets.xcassets in Resources */ = {isa = PBXBuildFile; fileRef = F0B7055B245352CE0072077A /* Preview Assets.xcassets */; };
		F0B7055F245352CE0072077A /* LaunchScreen.storyboard in Resources */ = {isa = PBXBuildFile; fileRef = F0B7055D245352CE0072077A /* LaunchScreen.storyboard */; };
		F0B7056A245352CE0072077A /* clickerTests.swift in Sources */ = {isa = PBXBuildFile; fileRef = F0B70569245352CE0072077A /* clickerTests.swift */; };
		F0B70575245352CE0072077A /* clickerUITests.swift in Sources */ = {isa = PBXBuildFile; fileRef = F0B70574245352CE0072077A /* clickerUITests.swift */; };
		F0B70583245357D20072077A /* CircleImage.swift in Sources */ = {isa = PBXBuildFile; fileRef = F0B70582245357D20072077A /* CircleImage.swift */; };
		F0B7058524535A0F0072077A /* mapView.swift in Sources */ = {isa = PBXBuildFile; fileRef = F0B7058424535A0F0072077A /* mapView.swift */; };
		F0B7058724537A830072077A /* Venue.swift in Sources */ = {isa = PBXBuildFile; fileRef = F0B7058624537A830072077A /* Venue.swift */; };
		F0B7058D24538D600072077A /* VenueRow.swift in Sources */ = {isa = PBXBuildFile; fileRef = F0B7058C24538D600072077A /* VenueRow.swift */; };
/* End PBXBuildFile section */

/* Begin PBXContainerItemProxy section */
		F0B70566245352CE0072077A /* PBXContainerItemProxy */ = {
			isa = PBXContainerItemProxy;
			containerPortal = F0B70547245352C70072077A /* Project object */;
			proxyType = 1;
			remoteGlobalIDString = F0B7054E245352C70072077A;
			remoteInfo = clicker;
		};
		F0B70571245352CE0072077A /* PBXContainerItemProxy */ = {
			isa = PBXContainerItemProxy;
			containerPortal = F0B70547245352C70072077A /* Project object */;
			proxyType = 1;
			remoteGlobalIDString = F0B7054E245352C70072077A;
			remoteInfo = clicker;
		};
/* End PBXContainerItemProxy section */

/* Begin PBXFileReference section */
		F021E33B245458B5004D1962 /* venueData.json */ = {isa = PBXFileReference; fileEncoding = 4; lastKnownFileType = text.json; path = venueData.json; sourceTree = "<group>"; };
		F021E33E245465C3004D1962 /* venueData.swift */ = {isa = PBXFileReference; lastKnownFileType = sourcecode.swift; path = venueData.swift; sourceTree = "<group>"; };
		F021E34024549397004D1962 /* fury.jpg */ = {isa = PBXFileReference; lastKnownFileType = image.jpeg; name = fury.jpg; path = ../../../fury.jpg; sourceTree = "<group>"; };
		F021E34224549721004D1962 /* VenueList.swift */ = {isa = PBXFileReference; lastKnownFileType = sourcecode.swift; path = VenueList.swift; sourceTree = "<group>"; };
		F021E34424549B75004D1962 /* mainView.swift */ = {isa = PBXFileReference; lastKnownFileType = sourcecode.swift; path = mainView.swift; sourceTree = "<group>"; };
		F0B7054F245352C80072077A /* clicker.app */ = {isa = PBXFileReference; explicitFileType = wrapper.application; includeInIndex = 0; path = clicker.app; sourceTree = BUILT_PRODUCTS_DIR; };
		F0B70552245352C80072077A /* AppDelegate.swift */ = {isa = PBXFileReference; lastKnownFileType = sourcecode.swift; path = AppDelegate.swift; sourceTree = "<group>"; };
		F0B70554245352C80072077A /* SceneDelegate.swift */ = {isa = PBXFileReference; lastKnownFileType = sourcecode.swift; path = SceneDelegate.swift; sourceTree = "<group>"; };
		F0B70556245352C80072077A /* VenueDetail.swift */ = {isa = PBXFileReference; lastKnownFileType = sourcecode.swift; path = VenueDetail.swift; sourceTree = "<group>"; };
		F0B70558245352CE0072077A /* Assets.xcassets */ = {isa = PBXFileReference; lastKnownFileType = folder.assetcatalog; path = Assets.xcassets; sourceTree = "<group>"; };
		F0B7055B245352CE0072077A /* Preview Assets.xcassets */ = {isa = PBXFileReference; lastKnownFileType = folder.assetcatalog; path = "Preview Assets.xcassets"; sourceTree = "<group>"; };
		F0B7055E245352CE0072077A /* Base */ = {isa = PBXFileReference; lastKnownFileType = file.storyboard; name = Base; path = Base.lproj/LaunchScreen.storyboard; sourceTree = "<group>"; };
		F0B70560245352CE0072077A /* Info.plist */ = {isa = PBXFileReference; lastKnownFileType = text.plist.xml; path = Info.plist; sourceTree = "<group>"; };
		F0B70565245352CE0072077A /* clickerTests.xctest */ = {isa = PBXFileReference; explicitFileType = wrapper.cfbundle; includeInIndex = 0; path = clickerTests.xctest; sourceTree = BUILT_PRODUCTS_DIR; };
		F0B70569245352CE0072077A /* clickerTests.swift */ = {isa = PBXFileReference; lastKnownFileType = sourcecode.swift; path = clickerTests.swift; sourceTree = "<group>"; };
		F0B7056B245352CE0072077A /* Info.plist */ = {isa = PBXFileReference; lastKnownFileType = text.plist.xml; path = Info.plist; sourceTree = "<group>"; };
		F0B70570245352CE0072077A /* clickerUITests.xctest */ = {isa = PBXFileReference; explicitFileType = wrapper.cfbundle; includeInIndex = 0; path = clickerUITests.xctest; sourceTree = BUILT_PRODUCTS_DIR; };
		F0B70574245352CE0072077A /* clickerUITests.swift */ = {isa = PBXFileReference; lastKnownFileType = sourcecode.swift; path = clickerUITests.swift; sourceTree = "<group>"; };
		F0B70576245352CE0072077A /* Info.plist */ = {isa = PBXFileReference; lastKnownFileType = text.plist.xml; path = Info.plist; sourceTree = "<group>"; };
		F0B70582245357D20072077A /* CircleImage.swift */ = {isa = PBXFileReference; lastKnownFileType = sourcecode.swift; path = CircleImage.swift; sourceTree = "<group>"; };
		F0B7058424535A0F0072077A /* mapView.swift */ = {isa = PBXFileReference; lastKnownFileType = sourcecode.swift; path = mapView.swift; sourceTree = "<group>"; };
		F0B7058624537A830072077A /* Venue.swift */ = {isa = PBXFileReference; lastKnownFileType = sourcecode.swift; path = Venue.swift; sourceTree = "<group>"; };
		F0B7058C24538D600072077A /* VenueRow.swift */ = {isa = PBXFileReference; lastKnownFileType = sourcecode.swift; path = VenueRow.swift; sourceTree = "<group>"; };
/* End PBXFileReference section */

/* Begin PBXFrameworksBuildPhase section */
		F0B7054C245352C70072077A /* Frameworks */ = {
			isa = PBXFrameworksBuildPhase;
			buildActionMask = 2147483647;
			files = (
			);
			runOnlyForDeploymentPostprocessing = 0;
		};
		F0B70562245352CE0072077A /* Frameworks */ = {
			isa = PBXFrameworksBuildPhase;
			buildActionMask = 2147483647;
			files = (
			);
			runOnlyForDeploymentPostprocessing = 0;
		};
		F0B7056D245352CE0072077A /* Frameworks */ = {
			isa = PBXFrameworksBuildPhase;
			buildActionMask = 2147483647;
			files = (
			);
			runOnlyForDeploymentPostprocessing = 0;
		};
/* End PBXFrameworksBuildPhase section */

/* Begin PBXGroup section */
		F021E33D2454656A004D1962 /* Models */ = {
			isa = PBXGroup;
			children = (
				F0B7058624537A830072077A /* Venue.swift */,
				F021E33E245465C3004D1962 /* venueData.swift */,
			);
			path = Models;
			sourceTree = "<group>";
		};
		F051EE552454562700DCA37A /* Resources */ = {
			isa = PBXGroup;
			children = (
				F021E34024549397004D1962 /* fury.jpg */,
				F021E33B245458B5004D1962 /* venueData.json */,
			);
			path = Resources;
			sourceTree = "<group>";
		};
		F0B70546245352C70072077A = {
			isa = PBXGroup;
			children = (
				F0B70551245352C80072077A /* clicker */,
				F0B70568245352CE0072077A /* clickerTests */,
				F0B70573245352CE0072077A /* clickerUITests */,
				F0B70550245352C80072077A /* Products */,
			);
			sourceTree = "<group>";
		};
		F0B70550245352C80072077A /* Products */ = {
			isa = PBXGroup;
			children = (
				F0B7054F245352C80072077A /* clicker.app */,
				F0B70565245352CE0072077A /* clickerTests.xctest */,
				F0B70570245352CE0072077A /* clickerUITests.xctest */,
			);
			name = Products;
			sourceTree = "<group>";
		};
		F0B70551245352C80072077A /* clicker */ = {
			isa = PBXGroup;
			children = (
				F021E33D2454656A004D1962 /* Models */,
				F051EE552454562700DCA37A /* Resources */,
				F0B70552245352C80072077A /* AppDelegate.swift */,
				F0B70554245352C80072077A /* SceneDelegate.swift */,
				F0B70556245352C80072077A /* VenueDetail.swift */,
				F0B70558245352CE0072077A /* Assets.xcassets */,
				F0B7055D245352CE0072077A /* LaunchScreen.storyboard */,
				F0B70560245352CE0072077A /* Info.plist */,
				F0B7055A245352CE0072077A /* Preview Content */,
				F0B70582245357D20072077A /* CircleImage.swift */,
				F0B7058424535A0F0072077A /* mapView.swift */,
				F0B7058C24538D600072077A /* VenueRow.swift */,
				F021E34224549721004D1962 /* VenueList.swift */,
				F021E34424549B75004D1962 /* mainView.swift */,
			);
			path = clicker;
			sourceTree = "<group>";
		};
		F0B7055A245352CE0072077A /* Preview Content */ = {
			isa = PBXGroup;
			children = (
				F0B7055B245352CE0072077A /* Preview Assets.xcassets */,
			);
			path = "Preview Content";
			sourceTree = "<group>";
		};
		F0B70568245352CE0072077A /* clickerTests */ = {
			isa = PBXGroup;
			children = (
				F0B70569245352CE0072077A /* clickerTests.swift */,
				F0B7056B245352CE0072077A /* Info.plist */,
			);
			path = clickerTests;
			sourceTree = "<group>";
		};
		F0B70573245352CE0072077A /* clickerUITests */ = {
			isa = PBXGroup;
			children = (
				F0B70574245352CE0072077A /* clickerUITests.swift */,
				F0B70576245352CE0072077A /* Info.plist */,
			);
			path = clickerUITests;
			sourceTree = "<group>";
		};
/* End PBXGroup section */

/* Begin PBXNativeTarget section */
		F0B7054E245352C70072077A /* clicker */ = {
			isa = PBXNativeTarget;
			buildConfigurationList = F0B70579245352CE0072077A /* Build configuration list for PBXNativeTarget "clicker" */;
			buildPhases = (
				F0B7054B245352C70072077A /* Sources */,
				F0B7054C245352C70072077A /* Frameworks */,
				F0B7054D245352C70072077A /* Resources */,
			);
			buildRules = (
			);
			dependencies = (
			);
			name = clicker;
			productName = clicker;
			productReference = F0B7054F245352C80072077A /* clicker.app */;
			productType = "com.apple.product-type.application";
		};
		F0B70564245352CE0072077A /* clickerTests */ = {
			isa = PBXNativeTarget;
			buildConfigurationList = F0B7057C245352CE0072077A /* Build configuration list for PBXNativeTarget "clickerTests" */;
			buildPhases = (
				F0B70561245352CE0072077A /* Sources */,
				F0B70562245352CE0072077A /* Frameworks */,
				F0B70563245352CE0072077A /* Resources */,
			);
			buildRules = (
			);
			dependencies = (
				F0B70567245352CE0072077A /* PBXTargetDependency */,
			);
			name = clickerTests;
			productName = clickerTests;
			productReference = F0B70565245352CE0072077A /* clickerTests.xctest */;
			productType = "com.apple.product-type.bundle.unit-test";
		};
		F0B7056F245352CE0072077A /* clickerUITests */ = {
			isa = PBXNativeTarget;
			buildConfigurationList = F0B7057F245352CE0072077A /* Build configuration list for PBXNativeTarget "clickerUITests" */;
			buildPhases = (
				F0B7056C245352CE0072077A /* Sources */,
				F0B7056D245352CE0072077A /* Frameworks */,
				F0B7056E245352CE0072077A /* Resources */,
			);
			buildRules = (
			);
			dependencies = (
				F0B70572245352CE0072077A /* PBXTargetDependency */,
			);
			name = clickerUITests;
			productName = clickerUITests;
			productReference = F0B70570245352CE0072077A /* clickerUITests.xctest */;
			productType = "com.apple.product-type.bundle.ui-testing";
		};
/* End PBXNativeTarget section */

/* Begin PBXProject section */
		F0B70547245352C70072077A /* Project object */ = {
			isa = PBXProject;
			attributes = {
				LastSwiftUpdateCheck = 1140;
				LastUpgradeCheck = 1140;
				ORGANIZATIONNAME = "Axel Kaliff";
				TargetAttributes = {
					F0B7054E245352C70072077A = {
						CreatedOnToolsVersion = 11.4.1;
					};
					F0B70564245352CE0072077A = {
						CreatedOnToolsVersion = 11.4.1;
						TestTargetID = F0B7054E245352C70072077A;
					};
					F0B7056F245352CE0072077A = {
						CreatedOnToolsVersion = 11.4.1;
						TestTargetID = F0B7054E245352C70072077A;
					};
				};
			};
			buildConfigurationList = F0B7054A245352C70072077A /* Build configuration list for PBXProject "clicker" */;
			compatibilityVersion = "Xcode 9.3";
			developmentRegion = en;
			hasScannedForEncodings = 0;
			knownRegions = (
				en,
				Base,
			);
			mainGroup = F0B70546245352C70072077A;
			productRefGroup = F0B70550245352C80072077A /* Products */;
			projectDirPath = "";
			projectRoot = "";
			targets = (
				F0B7054E245352C70072077A /* clicker */,
				F0B70564245352CE0072077A /* clickerTests */,
				F0B7056F245352CE0072077A /* clickerUITests */,
			);
		};
/* End PBXProject section */

/* Begin PBXResourcesBuildPhase section */
		F0B7054D245352C70072077A /* Resources */ = {
			isa = PBXResourcesBuildPhase;
			buildActionMask = 2147483647;
			files = (
				F0B7055F245352CE0072077A /* LaunchScreen.storyboard in Resources */,
				F021E34124549397004D1962 /* fury.jpg in Resources */,
				F0B7055C245352CE0072077A /* Preview Assets.xcassets in Resources */,
				F0B70559245352CE0072077A /* Assets.xcassets in Resources */,
				F021E33C245458B5004D1962 /* venueData.json in Resources */,
			);
			runOnlyForDeploymentPostprocessing = 0;
		};
		F0B70563245352CE0072077A /* Resources */ = {
			isa = PBXResourcesBuildPhase;
			buildActionMask = 2147483647;
			files = (
			);
			runOnlyForDeploymentPostprocessing = 0;
		};
		F0B7056E245352CE0072077A /* Resources */ = {
			isa = PBXResourcesBuildPhase;
			buildActionMask = 2147483647;
			files = (
			);
			runOnlyForDeploymentPostprocessing = 0;
		};
/* End PBXResourcesBuildPhase section */

/* Begin PBXSourcesBuildPhase section */
		F0B7054B245352C70072077A /* Sources */ = {
			isa = PBXSourcesBuildPhase;
			buildActionMask = 2147483647;
			files = (
				F0B70553245352C80072077A /* AppDelegate.swift in Sources */,
				F0B7058724537A830072077A /* Venue.swift in Sources */,
				F021E34324549721004D1962 /* VenueList.swift in Sources */,
				F021E34524549B75004D1962 /* mainView.swift in Sources */,
				F0B70555245352C80072077A /* SceneDelegate.swift in Sources */,
				F0B70583245357D20072077A /* CircleImage.swift in Sources */,
				F0B70557245352C80072077A /* VenueDetail.swift in Sources */,
				F0B7058D24538D600072077A /* VenueRow.swift in Sources */,
				F021E33F245465C3004D1962 /* venueData.swift in Sources */,
				F0B7058524535A0F0072077A /* mapView.swift in Sources */,
			);
			runOnlyForDeploymentPostprocessing = 0;
		};
		F0B70561245352CE0072077A /* Sources */ = {
			isa = PBXSourcesBuildPhase;
			buildActionMask = 2147483647;
			files = (
				F0B7056A245352CE0072077A /* clickerTests.swift in Sources */,
			);
			runOnlyForDeploymentPostprocessing = 0;
		};
		F0B7056C245352CE0072077A /* Sources */ = {
			isa = PBXSourcesBuildPhase;
			buildActionMask = 2147483647;
			files = (
				F0B70575245352CE0072077A /* clickerUITests.swift in Sources */,
			);
			runOnlyForDeploymentPostprocessing = 0;
		};
/* End PBXSourcesBuildPhase section */

/* Begin PBXTargetDependency section */
		F0B70567245352CE0072077A /* PBXTargetDependency */ = {
			isa = PBXTargetDependency;
			target = F0B7054E245352C70072077A /* clicker */;
			targetProxy = F0B70566245352CE0072077A /* PBXContainerItemProxy */;
		};
		F0B70572245352CE0072077A /* PBXTargetDependency */ = {
			isa = PBXTargetDependency;
			target = F0B7054E245352C70072077A /* clicker */;
			targetProxy = F0B70571245352CE0072077A /* PBXContainerItemProxy */;
		};
/* End PBXTargetDependency section */

/* Begin PBXVariantGroup section */
		F0B7055D245352CE0072077A /* LaunchScreen.storyboard */ = {
			isa = PBXVariantGroup;
			children = (
				F0B7055E245352CE0072077A /* Base */,
			);
			name = LaunchScreen.storyboard;
			sourceTree = "<group>";
		};
/* End PBXVariantGroup section */

/* Begin XCBuildConfiguration section */
		F0B70577245352CE0072077A /* Debug */ = {
			isa = XCBuildConfiguration;
			buildSettings = {
				ALWAYS_SEARCH_USER_PATHS = NO;
				CLANG_ANALYZER_NONNULL = YES;
				CLANG_ANALYZER_NUMBER_OBJECT_CONVERSION = YES_AGGRESSIVE;
				CLANG_CXX_LANGUAGE_STANDARD = "gnu++14";
				CLANG_CXX_LIBRARY = "libc++";
				CLANG_ENABLE_MODULES = YES;
				CLANG_ENABLE_OBJC_ARC = YES;
				CLANG_ENABLE_OBJC_WEAK = YES;
				CLANG_WARN_BLOCK_CAPTURE_AUTORELEASING = YES;
				CLANG_WARN_BOOL_CONVERSION = YES;
				CLANG_WARN_COMMA = YES;
				CLANG_WARN_CONSTANT_CONVERSION = YES;
				CLANG_WARN_DEPRECATED_OBJC_IMPLEMENTATIONS = YES;
				CLANG_WARN_DIRECT_OBJC_ISA_USAGE = YES_ERROR;
				CLANG_WARN_DOCUMENTATION_COMMENTS = YES;
				CLANG_WARN_EMPTY_BODY = YES;
				CLANG_WARN_ENUM_CONVERSION = YES;
				CLANG_WARN_INFINITE_RECURSION = YES;
				CLANG_WARN_INT_CONVERSION = YES;
				CLANG_WARN_NON_LITERAL_NULL_CONVERSION = YES;
				CLANG_WARN_OBJC_IMPLICIT_RETAIN_SELF = YES;
				CLANG_WARN_OBJC_LITERAL_CONVERSION = YES;
				CLANG_WARN_OBJC_ROOT_CLASS = YES_ERROR;
				CLANG_WARN_RANGE_LOOP_ANALYSIS = YES;
				CLANG_WARN_STRICT_PROTOTYPES = YES;
				CLANG_WARN_SUSPICIOUS_MOVE = YES;
				CLANG_WARN_UNGUARDED_AVAILABILITY = YES_AGGRESSIVE;
				CLANG_WARN_UNREACHABLE_CODE = YES;
				CLANG_WARN__DUPLICATE_METHOD_MATCH = YES;
				COPY_PHASE_STRIP = NO;
				DEBUG_INFORMATION_FORMAT = dwarf;
				ENABLE_STRICT_OBJC_MSGSEND = YES;
				ENABLE_TESTABILITY = YES;
				GCC_C_LANGUAGE_STANDARD = gnu11;
				GCC_DYNAMIC_NO_PIC = NO;
				GCC_NO_COMMON_BLOCKS = YES;
				GCC_OPTIMIZATION_LEVEL = 0;
				GCC_PREPROCESSOR_DEFINITIONS = (
					"DEBUG=1",
					"$(inherited)",
				);
				GCC_WARN_64_TO_32_BIT_CONVERSION = YES;
				GCC_WARN_ABOUT_RETURN_TYPE = YES_ERROR;
				GCC_WARN_UNDECLARED_SELECTOR = YES;
				GCC_WARN_UNINITIALIZED_AUTOS = YES_AGGRESSIVE;
				GCC_WARN_UNUSED_FUNCTION = YES;
				GCC_WARN_UNUSED_VARIABLE = YES;
				IPHONEOS_DEPLOYMENT_TARGET = 13.4;
				MTL_ENABLE_DEBUG_INFO = INCLUDE_SOURCE;
				MTL_FAST_MATH = YES;
				ONLY_ACTIVE_ARCH = YES;
				SDKROOT = iphoneos;
				SWIFT_ACTIVE_COMPILATION_CONDITIONS = DEBUG;
				SWIFT_OPTIMIZATION_LEVEL = "-Onone";
			};
			name = Debug;
		};
		F0B70578245352CE0072077A /* Release */ = {
			isa = XCBuildConfiguration;
			buildSettings = {
				ALWAYS_SEARCH_USER_PATHS = NO;
				CLANG_ANALYZER_NONNULL = YES;
				CLANG_ANALYZER_NUMBER_OBJECT_CONVERSION = YES_AGGRESSIVE;
				CLANG_CXX_LANGUAGE_STANDARD = "gnu++14";
				CLANG_CXX_LIBRARY = "libc++";
				CLANG_ENABLE_MODULES = YES;
				CLANG_ENABLE_OBJC_ARC = YES;
				CLANG_ENABLE_OBJC_WEAK = YES;
				CLANG_WARN_BLOCK_CAPTURE_AUTORELEASING = YES;
				CLANG_WARN_BOOL_CONVERSION = YES;
				CLANG_WARN_COMMA = YES;
				CLANG_WARN_CONSTANT_CONVERSION = YES;
				CLANG_WARN_DEPRECATED_OBJC_IMPLEMENTATIONS = YES;
				CLANG_WARN_DIRECT_OBJC_ISA_USAGE = YES_ERROR;
				CLANG_WARN_DOCUMENTATION_COMMENTS = YES;
				CLANG_WARN_EMPTY_BODY = YES;
				CLANG_WARN_ENUM_CONVERSION = YES;
				CLANG_WARN_INFINITE_RECURSION = YES;
				CLANG_WARN_INT_CONVERSION = YES;
				CLANG_WARN_NON_LITERAL_NULL_CONVERSION = YES;
				CLANG_WARN_OBJC_IMPLICIT_RETAIN_SELF = YES;
				CLANG_WARN_OBJC_LITERAL_CONVERSION = YES;
				CLANG_WARN_OBJC_ROOT_CLASS = YES_ERROR;
				CLANG_WARN_RANGE_LOOP_ANALYSIS = YES;
				CLANG_WARN_STRICT_PROTOTYPES = YES;
				CLANG_WARN_SUSPICIOUS_MOVE = YES;
				CLANG_WARN_UNGUARDED_AVAILABILITY = YES_AGGRESSIVE;
				CLANG_WARN_UNREACHABLE_CODE = YES;
				CLANG_WARN__DUPLICATE_METHOD_MATCH = YES;
				COPY_PHASE_STRIP = NO;
				DEBUG_INFORMATION_FORMAT = "dwarf-with-dsym";
				ENABLE_NS_ASSERTIONS = NO;
				ENABLE_STRICT_OBJC_MSGSEND = YES;
				GCC_C_LANGUAGE_STANDARD = gnu11;
				GCC_NO_COMMON_BLOCKS = YES;
				GCC_WARN_64_TO_32_BIT_CONVERSION = YES;
				GCC_WARN_ABOUT_RETURN_TYPE = YES_ERROR;
				GCC_WARN_UNDECLARED_SELECTOR = YES;
				GCC_WARN_UNINITIALIZED_AUTOS = YES_AGGRESSIVE;
				GCC_WARN_UNUSED_FUNCTION = YES;
				GCC_WARN_UNUSED_VARIABLE = YES;
				IPHONEOS_DEPLOYMENT_TARGET = 13.4;
				MTL_ENABLE_DEBUG_INFO = NO;
				MTL_FAST_MATH = YES;
				SDKROOT = iphoneos;
				SWIFT_COMPILATION_MODE = wholemodule;
				SWIFT_OPTIMIZATION_LEVEL = "-O";
				VALIDATE_PRODUCT = YES;
			};
			name = Release;
		};
		F0B7057A245352CE0072077A /* Debug */ = {
			isa = XCBuildConfiguration;
			buildSettings = {
				ASSETCATALOG_COMPILER_APPICON_NAME = AppIcon;
				CODE_SIGN_STYLE = Automatic;
				DEVELOPMENT_ASSET_PATHS = "\"clicker/Preview Content\"";
				DEVELOPMENT_TEAM = 5HYQX44BA2;
				ENABLE_PREVIEWS = YES;
				INFOPLIST_FILE = clicker/Info.plist;
				LD_RUNPATH_SEARCH_PATHS = (
					"$(inherited)",
					"@executable_path/Frameworks",
				);
				PRODUCT_BUNDLE_IDENTIFIER = akaliff.clicker;
				PRODUCT_NAME = "$(TARGET_NAME)";
				SWIFT_VERSION = 5.0;
				TARGETED_DEVICE_FAMILY = "1,2";
			};
			name = Debug;
		};
		F0B7057B245352CE0072077A /* Release */ = {
			isa = XCBuildConfiguration;
			buildSettings = {
				ASSETCATALOG_COMPILER_APPICON_NAME = AppIcon;
				CODE_SIGN_STYLE = Automatic;
				DEVELOPMENT_ASSET_PATHS = "\"clicker/Preview Content\"";
				DEVELOPMENT_TEAM = 5HYQX44BA2;
				ENABLE_PREVIEWS = YES;
				INFOPLIST_FILE = clicker/Info.plist;
				LD_RUNPATH_SEARCH_PATHS = (
					"$(inherited)",
					"@executable_path/Frameworks",
				);
				PRODUCT_BUNDLE_IDENTIFIER = akaliff.clicker;
				PRODUCT_NAME = "$(TARGET_NAME)";
				SWIFT_VERSION = 5.0;
				TARGETED_DEVICE_FAMILY = "1,2";
			};
			name = Release;
		};
		F0B7057D245352CE0072077A /* Debug */ = {
			isa = XCBuildConfiguration;
			buildSettings = {
				ALWAYS_EMBED_SWIFT_STANDARD_LIBRARIES = YES;
				BUNDLE_LOADER = "$(TEST_HOST)";
				CODE_SIGN_STYLE = Automatic;
				DEVELOPMENT_TEAM = 5HYQX44BA2;
				INFOPLIST_FILE = clickerTests/Info.plist;
				IPHONEOS_DEPLOYMENT_TARGET = 13.4;
				LD_RUNPATH_SEARCH_PATHS = (
					"$(inherited)",
					"@executable_path/Frameworks",
					"@loader_path/Frameworks",
				);
				PRODUCT_BUNDLE_IDENTIFIER = akaliff.clickerTests;
				PRODUCT_NAME = "$(TARGET_NAME)";
				SWIFT_VERSION = 5.0;
				TARGETED_DEVICE_FAMILY = "1,2";
				TEST_HOST = "$(BUILT_PRODUCTS_DIR)/clicker.app/clicker";
			};
			name = Debug;
		};
		F0B7057E245352CE0072077A /* Release */ = {
			isa = XCBuildConfiguration;
			buildSettings = {
				ALWAYS_EMBED_SWIFT_STANDARD_LIBRARIES = YES;
				BUNDLE_LOADER = "$(TEST_HOST)";
				CODE_SIGN_STYLE = Automatic;
				DEVELOPMENT_TEAM = 5HYQX44BA2;
				INFOPLIST_FILE = clickerTests/Info.plist;
				IPHONEOS_DEPLOYMENT_TARGET = 13.4;
				LD_RUNPATH_SEARCH_PATHS = (
					"$(inherited)",
					"@executable_path/Frameworks",
					"@loader_path/Frameworks",
				);
				PRODUCT_BUNDLE_IDENTIFIER = akaliff.clickerTests;
				PRODUCT_NAME = "$(TARGET_NAME)";
				SWIFT_VERSION = 5.0;
				TARGETED_DEVICE_FAMILY = "1,2";
				TEST_HOST = "$(BUILT_PRODUCTS_DIR)/clicker.app/clicker";
			};
			name = Release;
		};
		F0B70580245352CE0072077A /* Debug */ = {
			isa = XCBuildConfiguration;
			buildSettings = {
				ALWAYS_EMBED_SWIFT_STANDARD_LIBRARIES = YES;
				CODE_SIGN_STYLE = Automatic;
				DEVELOPMENT_TEAM = 5HYQX44BA2;
				INFOPLIST_FILE = clickerUITests/Info.plist;
				LD_RUNPATH_SEARCH_PATHS = (
					"$(inherited)",
					"@executable_path/Frameworks",
					"@loader_path/Frameworks",
				);
				PRODUCT_BUNDLE_IDENTIFIER = akaliff.clickerUITests;
				PRODUCT_NAME = "$(TARGET_NAME)";
				SWIFT_VERSION = 5.0;
				TARGETED_DEVICE_FAMILY = "1,2";
				TEST_TARGET_NAME = clicker;
			};
			name = Debug;
		};
		F0B70581245352CE0072077A /* Release */ = {
			isa = XCBuildConfiguration;
			buildSettings = {
				ALWAYS_EMBED_SWIFT_STANDARD_LIBRARIES = YES;
				CODE_SIGN_STYLE = Automatic;
				DEVELOPMENT_TEAM = 5HYQX44BA2;
				INFOPLIST_FILE = clickerUITests/Info.plist;
				LD_RUNPATH_SEARCH_PATHS = (
					"$(inherited)",
					"@executable_path/Frameworks",
					"@loader_path/Frameworks",
				);
				PRODUCT_BUNDLE_IDENTIFIER = akaliff.clickerUITests;
				PRODUCT_NAME = "$(TARGET_NAME)";
				SWIFT_VERSION = 5.0;
				TARGETED_DEVICE_FAMILY = "1,2";
				TEST_TARGET_NAME = clicker;
			};
			name = Release;
		};
/* End XCBuildConfiguration section */

/* Begin XCConfigurationList section */
		F0B7054A245352C70072077A /* Build configuration list for PBXProject "clicker" */ = {
			isa = XCConfigurationList;
			buildConfigurations = (
				F0B70577245352CE0072077A /* Debug */,
				F0B70578245352CE0072077A /* Release */,
			);
			defaultConfigurationIsVisible = 0;
			defaultConfigurationName = Release;
		};
		F0B70579245352CE0072077A /* Build configuration list for PBXNativeTarget "clicker" */ = {
			isa = XCConfigurationList;
			buildConfigurations = (
				F0B7057A245352CE0072077A /* Debug */,
				F0B7057B245352CE0072077A /* Release */,
			);
			defaultConfigurationIsVisible = 0;
			defaultConfigurationName = Release;
		};
		F0B7057C245352CE0072077A /* Build configuration list for PBXNativeTarget "clickerTests" */ = {
			isa = XCConfigurationList;
			buildConfigurations = (
				F0B7057D245352CE0072077A /* Debug */,
				F0B7057E245352CE0072077A /* Release */,
			);
			defaultConfigurationIsVisible = 0;
			defaultConfigurationName = Release;
		};
		F0B7057F245352CE0072077A /* Build configuration list for PBXNativeTarget "clickerUITests" */ = {
			isa = XCConfigurationList;
			buildConfigurations = (
				F0B70580245352CE0072077A /* Debug */,
				F0B70581245352CE0072077A /* Release */,
			);
			defaultConfigurationIsVisible = 0;
			defaultConfigurationName = Release;
		};
/* End XCConfigurationList section */
	};
	rootObject = F0B70547245352C70072077A /* Project object */;
}
